
Microsoft Visual Studio Solution File, Format Version 12.00
# Visual Studio 15
VisualStudioVersion = 15.0.28010.2041
MinimumVisualStudioVersion = 10.0.40219.1
Project("{54435603-DBB4-11D2-8724-00A0C9A8B90C}") = "sky_server_1.0", "sky_server_1.0\sky_server_1.0.vdproj", "{6C908301-5245-4B52-8280-076FB9C37527}"
EndProject
Global
	GlobalSection(SolutionConfigurationPlatforms) = preSolution
		Debug|Default = Debug|Default
		Release|Default = Release|Default
	EndGlobalSection
	GlobalSection(ProjectConfigurationPlatforms) = postSolution
		{6C908301-5245-4B52-8280-076FB9C37527}.Debug|Default.ActiveCfg = Debug
		{6C908301-5245-4B52-8280-076FB9C37527}.Debug|Default.Build.0 = Debug
		{6C908301-5245-4B52-8280-076FB9C37527}.Release|Default.ActiveCfg = Release
		{6C908301-5245-4B52-8280-076FB9C37527}.Release|Default.Build.0 = Release
	EndGlobalSection
	GlobalSection(SolutionProperties) = preSolution
		HideSolutionNode = FALSE
	EndGlobalSection
	GlobalSection(ExtensibilityGlobals) = postSolution
		SolutionGuid = {A5E3C86D-6676-4969-9FDC-E0DC7BDFEB0F}
	EndGlobalSection
EndGlobal
